{
  "name": "regjsparser",
  "version": "0.6.1",
  "lockfileVersion": 1,
  "requires": true,
  "dependencies": {
    "jsesc": {
      "version": "0.5.0",
      "resolved": "https://registry.npmjs.org/jsesc/-/jsesc-0.5.0.tgz",
      "integrity": "sha1-597mbjXW/Bb3EP6R1c9p9w8IkR0="
    },
    "regenerate": {
      "version": "1.0.1",
      "resolved": "https://registry.npmjs.org/regenerate/-/regenerate-1.0.1.tgz",
      "integrity": "sha1-OQVHbyooBE6+cMR+Ck0R2dF7dCQ=",
      "dev": true
    },
    "unicode-11.0.0": {
      "version": "0.7.8",
      "resolved": "https://registry.npmjs.org/unicode-11.0.0/-/unicode-11.0.0-0.7.8.tgz",
      "integrity": "sha512-O/7kwPxe1ZOiwbLr4/OleBnUDwDRldjubW5SqcQvz1b2EMPp5mQotOdf4L1z/5CNzSDVmWM9cFmseOI6L8vb6g==",
      "dev": true
    }
  }
}
